
Microsoft Visual Studio Solution File, Format Version 12.00
# Visual Studio Version 17
VisualStudioVersion = 17.8.34525.116
MinimumVisualStudioVersion = 10.0.40219.1
Project("{FAE04EC0-301F-11D3-BF4B-00C04F79EFBC}") = "Jwtify.Core", "Jwtify.Core\Jwtify.Core.csproj", "{3BACC6D5-1AB2-4230-9E66-87DDFDC2E84A}"
EndProject
Global
	GlobalSection(SolutionConfigurationPlatforms) = preSolution
		Debug|Any CPU = Debug|Any CPU
		Release|Any CPU = Release|Any CPU
	EndGlobalSection
	GlobalSection(ProjectConfigurationPlatforms) = postSolution
		{3BACC6D5-1AB2-4230-9E66-87DDFDC2E84A}.Debug|Any CPU.ActiveCfg = Debug|Any CPU
		{3BACC6D5-1AB2-4230-9E66-87DDFDC2E84A}.Debug|Any CPU.Build.0 = Debug|Any CPU
		{3BACC6D5-1AB2-4230-9E66-87DDFDC2E84A}.Release|Any CPU.ActiveCfg = Release|Any CPU
		{3BACC6D5-1AB2-4230-9E66-87DDFDC2E84A}.Release|Any CPU.Build.0 = Release|Any CPU
	EndGlobalSection
	GlobalSection(SolutionProperties) = preSolution
		HideSolutionNode = FALSE
	EndGlobalSection
	GlobalSection(ExtensibilityGlobals) = postSolution
		SolutionGuid = {1312B4B2-2890-437B-8AD0-42BD0F8E7359}
	EndGlobalSection
EndGlobal
